
Microsoft Visual Studio Solution File, Format Version 11.00
# Visual Studio 2010
Project("{8BC9CEB8-8B4A-11D0-8D11-00A0C91BC942}") = "001", "001\001.vcxproj", "{BA02382E-0926-4475-9BF0-FA6CE3CFF94A}"
EndProject
Project("{8BC9CEB8-8B4A-11D0-8D11-00A0C91BC942}") = "terrene", "terrene\terrene.vcxproj", "{9C33118F-CE7B-4CB2-90CF-0DD42FAE7798}"
EndProject
Project("{8BC9CEB8-8B4A-11D0-8D11-00A0C91BC942}") = "gl_loader", "gl_loader\gl_loader.vcxproj", "{851A4402-C191-4CBD-8288-E6882C56C565}"
EndProject
Project("{8BC9CEB8-8B4A-11D0-8D11-00A0C91BC942}") = "pluto", "pluto\pluto.vcxproj", "{F0C0FA29-52DC-4BB9-8D87-27D2E0A5BC6B}"
	ProjectSection(ProjectDependencies) = postProject
		{851A4402-C191-4CBD-8288-E6882C56C565} = {851A4402-C191-4CBD-8288-E6882C56C565}
		{9C33118F-CE7B-4CB2-90CF-0DD42FAE7798} = {9C33118F-CE7B-4CB2-90CF-0DD42FAE7798}
	EndProjectSection
EndProject
Project("{8BC9CEB8-8B4A-11D0-8D11-00A0C91BC942}") = "temp", "temp\temp.vcxproj", "{1790D5FF-BE58-4E8F-85E3-6531BB477925}"
EndProject
Project("{8BC9CEB8-8B4A-11D0-8D11-00A0C91BC942}") = "test", "test\test.vcxproj", "{017E6E89-ACAC-4709-A685-D88FC991F664}"
EndProject
Project("{8BC9CEB8-8B4A-11D0-8D11-00A0C91BC942}") = "002", "002\002.vcxproj", "{443730B3-67AF-4909-9DC7-52E62B883C95}"
	ProjectSection(ProjectDependencies) = postProject
		{851A4402-C191-4CBD-8288-E6882C56C565} = {851A4402-C191-4CBD-8288-E6882C56C565}
	EndProjectSection
EndProject
Project("{8BC9CEB8-8B4A-11D0-8D11-00A0C91BC942}") = "Framework", "Framework\Framework.vcxproj", "{C07B9F65-ECE4-4203-A2EE-4A3E72722E94}"
EndProject
Project("{8BC9CEB8-8B4A-11D0-8D11-00A0C91BC942}") = "003", "003\003.vcxproj", "{3425C91B-2A83-417C-BF2D-C20AFF7440F1}"
	ProjectSection(ProjectDependencies) = postProject
		{851A4402-C191-4CBD-8288-E6882C56C565} = {851A4402-C191-4CBD-8288-E6882C56C565}
	EndProjectSection
EndProject
Project("{2150E333-8FDC-42A3-9474-1A3956D46DE8}") = "Solution Items", "Solution Items", "{4A01883F-5888-4514-80BC-D40B04669B0C}"
	ProjectSection(SolutionItems) = preProject
		readme.txt = readme.txt
	EndProjectSection
EndProject
Project("{8BC9CEB8-8B4A-11D0-8D11-00A0C91BC942}") = "004", "004\004.vcxproj", "{FAE59952-1849-4F4C-963E-FF9D943DE521}"
EndProject
Project("{8BC9CEB8-8B4A-11D0-8D11-00A0C91BC942}") = "005", "005\005.vcxproj", "{0CF7D402-2FD3-40B2-9DFA-47EBDD1C96E0}"
	ProjectSection(ProjectDependencies) = postProject
		{851A4402-C191-4CBD-8288-E6882C56C565} = {851A4402-C191-4CBD-8288-E6882C56C565}
	EndProjectSection
EndProject
Project("{8BC9CEB8-8B4A-11D0-8D11-00A0C91BC942}") = "myth", "myth\myth.vcxproj", "{785DD223-1863-46CD-951E-9E687F053A85}"
	ProjectSection(ProjectDependencies) = postProject
		{851A4402-C191-4CBD-8288-E6882C56C565} = {851A4402-C191-4CBD-8288-E6882C56C565}
	EndProjectSection
EndProject
Global
	GlobalSection(SolutionConfigurationPlatforms) = preSolution
		Debug|Win32 = Debug|Win32
		Release|Win32 = Release|Win32
	EndGlobalSection
	GlobalSection(ProjectConfigurationPlatforms) = postSolution
		{BA02382E-0926-4475-9BF0-FA6CE3CFF94A}.Debug|Win32.ActiveCfg = Debug|Win32
		{BA02382E-0926-4475-9BF0-FA6CE3CFF94A}.Release|Win32.ActiveCfg = Release|Win32
		{BA02382E-0926-4475-9BF0-FA6CE3CFF94A}.Release|Win32.Build.0 = Release|Win32
		{9C33118F-CE7B-4CB2-90CF-0DD42FAE7798}.Debug|Win32.ActiveCfg = Debug|Win32
		{9C33118F-CE7B-4CB2-90CF-0DD42FAE7798}.Release|Win32.ActiveCfg = Release|Win32
		{9C33118F-CE7B-4CB2-90CF-0DD42FAE7798}.Release|Win32.Build.0 = Release|Win32
		{851A4402-C191-4CBD-8288-E6882C56C565}.Debug|Win32.ActiveCfg = Debug|Win32
		{851A4402-C191-4CBD-8288-E6882C56C565}.Debug|Win32.Build.0 = Debug|Win32
		{851A4402-C191-4CBD-8288-E6882C56C565}.Release|Win32.ActiveCfg = Release|Win32
		{851A4402-C191-4CBD-8288-E6882C56C565}.Release|Win32.Build.0 = Release|Win32
		{F0C0FA29-52DC-4BB9-8D87-27D2E0A5BC6B}.Debug|Win32.ActiveCfg = Debug|Win32
		{F0C0FA29-52DC-4BB9-8D87-27D2E0A5BC6B}.Release|Win32.ActiveCfg = Release|Win32
		{F0C0FA29-52DC-4BB9-8D87-27D2E0A5BC6B}.Release|Win32.Build.0 = Release|Win32
		{1790D5FF-BE58-4E8F-85E3-6531BB477925}.Debug|Win32.ActiveCfg = Debug|Win32
		{1790D5FF-BE58-4E8F-85E3-6531BB477925}.Release|Win32.ActiveCfg = Release|Win32
		{1790D5FF-BE58-4E8F-85E3-6531BB477925}.Release|Win32.Build.0 = Release|Win32
		{017E6E89-ACAC-4709-A685-D88FC991F664}.Debug|Win32.ActiveCfg = Debug|Win32
		{017E6E89-ACAC-4709-A685-D88FC991F664}.Release|Win32.ActiveCfg = Release|Win32
		{017E6E89-ACAC-4709-A685-D88FC991F664}.Release|Win32.Build.0 = Release|Win32
		{443730B3-67AF-4909-9DC7-52E62B883C95}.Debug|Win32.ActiveCfg = Debug|Win32
		{443730B3-67AF-4909-9DC7-52E62B883C95}.Release|Win32.ActiveCfg = Release|Win32
		{443730B3-67AF-4909-9DC7-52E62B883C95}.Release|Win32.Build.0 = Release|Win32
		{C07B9F65-ECE4-4203-A2EE-4A3E72722E94}.Debug|Win32.ActiveCfg = Debug|Win32
		{C07B9F65-ECE4-4203-A2EE-4A3E72722E94}.Release|Win32.ActiveCfg = Release|Win32
		{C07B9F65-ECE4-4203-A2EE-4A3E72722E94}.Release|Win32.Build.0 = Release|Win32
		{3425C91B-2A83-417C-BF2D-C20AFF7440F1}.Debug|Win32.ActiveCfg = Debug|Win32
		{3425C91B-2A83-417C-BF2D-C20AFF7440F1}.Release|Win32.ActiveCfg = Release|Win32
		{3425C91B-2A83-417C-BF2D-C20AFF7440F1}.Release|Win32.Build.0 = Release|Win32
		{FAE59952-1849-4F4C-963E-FF9D943DE521}.Debug|Win32.ActiveCfg = Debug|Win32
		{FAE59952-1849-4F4C-963E-FF9D943DE521}.Release|Win32.ActiveCfg = Release|Win32
		{FAE59952-1849-4F4C-963E-FF9D943DE521}.Release|Win32.Build.0 = Release|Win32
		{0CF7D402-2FD3-40B2-9DFA-47EBDD1C96E0}.Debug|Win32.ActiveCfg = Debug|Win32
		{0CF7D402-2FD3-40B2-9DFA-47EBDD1C96E0}.Release|Win32.ActiveCfg = Release|Win32
		{0CF7D402-2FD3-40B2-9DFA-47EBDD1C96E0}.Release|Win32.Build.0 = Release|Win32
		{785DD223-1863-46CD-951E-9E687F053A85}.Debug|Win32.ActiveCfg = Debug|Win32
		{785DD223-1863-46CD-951E-9E687F053A85}.Debug|Win32.Build.0 = Debug|Win32
		{785DD223-1863-46CD-951E-9E687F053A85}.Release|Win32.ActiveCfg = Release|Win32
		{785DD223-1863-46CD-951E-9E687F053A85}.Release|Win32.Build.0 = Release|Win32
	EndGlobalSection
	GlobalSection(SolutionProperties) = preSolution
		HideSolutionNode = FALSE
	EndGlobalSection
EndGlobal
